
Microsoft Visual Studio Solution File, Format Version 12.00
# Visual Studio 15
VisualStudioVersion = 15.0.27130.2010
MinimumVisualStudioVersion = 10.0.40219.1
Project("{E24C65DC-7377-472B-9ABA-BC803B73C61A}") = "ICT-SYSTEM", ".", "{869A4DF3-ACC4-4684-8C96-16CC23282C64}"
	ProjectSection(WebsiteProperties) = preProject
		TargetFrameworkMoniker = ".NETFramework,Version%3Dv4.6.1"
		Debug.AspNetCompiler.VirtualPath = "/localhost_56404"
		Debug.AspNetCompiler.PhysicalPath = "..\ICT-SYSTEM\"
		Debug.AspNetCompiler.TargetPath = "PrecompiledWeb\localhost_56404\"
		Debug.AspNetCompiler.Updateable = "true"
		Debug.AspNetCompiler.ForceOverwrite = "true"
		Debug.AspNetCompiler.FixedNames = "false"
		Debug.AspNetCompiler.Debug = "True"
		Release.AspNetCompiler.VirtualPath = "/localhost_56404"
		Release.AspNetCompiler.PhysicalPath = "..\ICT-SYSTEM\"
		Release.AspNetCompiler.TargetPath = "PrecompiledWeb\localhost_56404\"
		Release.AspNetCompiler.Updateable = "true"
		Release.AspNetCompiler.ForceOverwrite = "true"
		Release.AspNetCompiler.FixedNames = "false"
		Release.AspNetCompiler.Debug = "False"
		VWDPort = "56404"
		SlnRelativePath = "..\ICT-SYSTEM\"
		DefaultWebSiteLanguage = "Visual Basic"
	EndProjectSection
EndProject
Project("{FAE04EC0-301F-11D3-BF4B-00C04F79EFBC}") = "MVC ICT-SYSTEM", "..\MVC ICT-SYSTEM\MVC ICT-SYSTEM.csproj", "{436BAB50-5BCA-4056-8D93-45B467D512D8}"
EndProject
Global
	GlobalSection(SolutionConfigurationPlatforms) = preSolution
		Debug|Any CPU = Debug|Any CPU
		Debug|ARM = Debug|ARM
		Debug|x64 = Debug|x64
		Debug|x86 = Debug|x86
		Release|Any CPU = Release|Any CPU
		Release|ARM = Release|ARM
		Release|x64 = Release|x64
		Release|x86 = Release|x86
	EndGlobalSection
	GlobalSection(ProjectConfigurationPlatforms) = postSolution
		{869A4DF3-ACC4-4684-8C96-16CC23282C64}.Debug|Any CPU.ActiveCfg = Debug|Any CPU
		{869A4DF3-ACC4-4684-8C96-16CC23282C64}.Debug|Any CPU.Build.0 = Debug|Any CPU
		{869A4DF3-ACC4-4684-8C96-16CC23282C64}.Debug|ARM.ActiveCfg = Debug|Any CPU
		{869A4DF3-ACC4-4684-8C96-16CC23282C64}.Debug|ARM.Build.0 = Debug|Any CPU
		{869A4DF3-ACC4-4684-8C96-16CC23282C64}.Debug|x64.ActiveCfg = Debug|Any CPU
		{869A4DF3-ACC4-4684-8C96-16CC23282C64}.Debug|x64.Build.0 = Debug|Any CPU
		{869A4DF3-ACC4-4684-8C96-16CC23282C64}.Debug|x86.ActiveCfg = Debug|Any CPU
		{869A4DF3-ACC4-4684-8C96-16CC23282C64}.Debug|x86.Build.0 = Debug|Any CPU
		{869A4DF3-ACC4-4684-8C96-16CC23282C64}.Release|Any CPU.ActiveCfg = Debug|Any CPU
		{869A4DF3-ACC4-4684-8C96-16CC23282C64}.Release|Any CPU.Build.0 = Debug|Any CPU
		{869A4DF3-ACC4-4684-8C96-16CC23282C64}.Release|ARM.ActiveCfg = Debug|Any CPU
		{869A4DF3-ACC4-4684-8C96-16CC23282C64}.Release|ARM.Build.0 = Debug|Any CPU
		{869A4DF3-ACC4-4684-8C96-16CC23282C64}.Release|x64.ActiveCfg = Debug|Any CPU
		{869A4DF3-ACC4-4684-8C96-16CC23282C64}.Release|x64.Build.0 = Debug|Any CPU
		{869A4DF3-ACC4-4684-8C96-16CC23282C64}.Release|x86.ActiveCfg = Debug|Any CPU
		{869A4DF3-ACC4-4684-8C96-16CC23282C64}.Release|x86.Build.0 = Debug|Any CPU
		{436BAB50-5BCA-4056-8D93-45B467D512D8}.Debug|Any CPU.ActiveCfg = Debug|Any CPU
		{436BAB50-5BCA-4056-8D93-45B467D512D8}.Debug|Any CPU.Build.0 = Debug|Any CPU
		{436BAB50-5BCA-4056-8D93-45B467D512D8}.Debug|ARM.ActiveCfg = Debug|Any CPU
		{436BAB50-5BCA-4056-8D93-45B467D512D8}.Debug|ARM.Build.0 = Debug|Any CPU
		{436BAB50-5BCA-4056-8D93-45B467D512D8}.Debug|x64.ActiveCfg = Debug|Any CPU
		{436BAB50-5BCA-4056-8D93-45B467D512D8}.Debug|x64.Build.0 = Debug|Any CPU
		{436BAB50-5BCA-4056-8D93-45B467D512D8}.Debug|x86.ActiveCfg = Debug|Any CPU
		{436BAB50-5BCA-4056-8D93-45B467D512D8}.Debug|x86.Build.0 = Debug|Any CPU
		{436BAB50-5BCA-4056-8D93-45B467D512D8}.Release|Any CPU.ActiveCfg = Release|Any CPU
		{436BAB50-5BCA-4056-8D93-45B467D512D8}.Release|Any CPU.Build.0 = Release|Any CPU
		{436BAB50-5BCA-4056-8D93-45B467D512D8}.Release|ARM.ActiveCfg = Release|Any CPU
		{436BAB50-5BCA-4056-8D93-45B467D512D8}.Release|ARM.Build.0 = Release|Any CPU
		{436BAB50-5BCA-4056-8D93-45B467D512D8}.Release|x64.ActiveCfg = Release|Any CPU
		{436BAB50-5BCA-4056-8D93-45B467D512D8}.Release|x64.Build.0 = Release|Any CPU
		{436BAB50-5BCA-4056-8D93-45B467D512D8}.Release|x86.ActiveCfg = Release|Any CPU
		{436BAB50-5BCA-4056-8D93-45B467D512D8}.Release|x86.Build.0 = Release|Any CPU
	EndGlobalSection
	GlobalSection(SolutionProperties) = preSolution
		HideSolutionNode = FALSE
	EndGlobalSection
	GlobalSection(ExtensibilityGlobals) = postSolution
		SolutionGuid = {345EB803-D13B-4591-BB33-F0830EA88839}
	EndGlobalSection
EndGlobal
